
Microsoft Visual Studio Solution File, Format Version 12.00
# Visual Studio 15
VisualStudioVersion = 15.0.28307.106
MinimumVisualStudioVersion = 10.0.40219.1
Project("{2150E333-8FDC-42A3-9474-1A3956D46DE8}") = "Dominio", "Dominio", "{EA98F18F-AF75-4C21-A843-89DD7BA7C2F5}"
EndProject
Project("{9A19103F-16F7-4668-BE54-9A1E7A4F7556}") = "DesafioSelecao.Dominio", "DesafioSelecao.Dominio\DesafioSelecao.Dominio.csproj", "{B8C5EB38-E70A-4992-84E1-6716973690E1}"
EndProject
Project("{2150E333-8FDC-42A3-9474-1A3956D46DE8}") = "Testes", "Testes", "{D05F771F-65EE-4567-BEB0-02C3406C10EC}"
EndProject
Project("{9A19103F-16F7-4668-BE54-9A1E7A4F7556}") = "DesafioSelecao.TesteDeUnidade", "DesafioSelecao.TesteDeUnidade\DesafioSelecao.TesteDeUnidade.csproj", "{DCA28C99-98C2-4FD8-A46E-4C5F194A0C7C}"
EndProject
Project("{2150E333-8FDC-42A3-9474-1A3956D46DE8}") = "Aplicacao", "Aplicacao", "{85D6C8AD-72D3-4E0D-A516-CBE499F7776C}"
EndProject
Project("{9A19103F-16F7-4668-BE54-9A1E7A4F7556}") = "DesafioSelecao.Aplicacao", "DesafioSelecao.Aplicacao\DesafioSelecao.Aplicacao.csproj", "{A3FF84E6-28F1-4DE7-9BAD-13C79BE34B8E}"
EndProject
Project("{2150E333-8FDC-42A3-9474-1A3956D46DE8}") = "Apresentacao", "Apresentacao", "{1289747C-8D2D-459E-A944-8762DFC89BA6}"
EndProject
Project("{FAE04EC0-301F-11D3-BF4B-00C04F79EFBC}") = "DesafioSelecao.API", "DesafioSelecao.API\DesafioSelecao.API.csproj", "{DBE7AC86-BFF0-42A8-997F-9A28FEDD8841}"
EndProject
Global
	GlobalSection(SolutionConfigurationPlatforms) = preSolution
		Debug|Any CPU = Debug|Any CPU
		Release|Any CPU = Release|Any CPU
	EndGlobalSection
	GlobalSection(ProjectConfigurationPlatforms) = postSolution
		{B8C5EB38-E70A-4992-84E1-6716973690E1}.Debug|Any CPU.ActiveCfg = Debug|Any CPU
		{B8C5EB38-E70A-4992-84E1-6716973690E1}.Debug|Any CPU.Build.0 = Debug|Any CPU
		{B8C5EB38-E70A-4992-84E1-6716973690E1}.Release|Any CPU.ActiveCfg = Release|Any CPU
		{B8C5EB38-E70A-4992-84E1-6716973690E1}.Release|Any CPU.Build.0 = Release|Any CPU
		{DCA28C99-98C2-4FD8-A46E-4C5F194A0C7C}.Debug|Any CPU.ActiveCfg = Debug|Any CPU
		{DCA28C99-98C2-4FD8-A46E-4C5F194A0C7C}.Debug|Any CPU.Build.0 = Debug|Any CPU
		{DCA28C99-98C2-4FD8-A46E-4C5F194A0C7C}.Release|Any CPU.ActiveCfg = Release|Any CPU
		{DCA28C99-98C2-4FD8-A46E-4C5F194A0C7C}.Release|Any CPU.Build.0 = Release|Any CPU
		{A3FF84E6-28F1-4DE7-9BAD-13C79BE34B8E}.Debug|Any CPU.ActiveCfg = Debug|Any CPU
		{A3FF84E6-28F1-4DE7-9BAD-13C79BE34B8E}.Debug|Any CPU.Build.0 = Debug|Any CPU
		{A3FF84E6-28F1-4DE7-9BAD-13C79BE34B8E}.Release|Any CPU.ActiveCfg = Release|Any CPU
		{A3FF84E6-28F1-4DE7-9BAD-13C79BE34B8E}.Release|Any CPU.Build.0 = Release|Any CPU
		{DBE7AC86-BFF0-42A8-997F-9A28FEDD8841}.Debug|Any CPU.ActiveCfg = Debug|Any CPU
		{DBE7AC86-BFF0-42A8-997F-9A28FEDD8841}.Debug|Any CPU.Build.0 = Debug|Any CPU
		{DBE7AC86-BFF0-42A8-997F-9A28FEDD8841}.Release|Any CPU.ActiveCfg = Release|Any CPU
		{DBE7AC86-BFF0-42A8-997F-9A28FEDD8841}.Release|Any CPU.Build.0 = Release|Any CPU
	EndGlobalSection
	GlobalSection(SolutionProperties) = preSolution
		HideSolutionNode = FALSE
	EndGlobalSection
	GlobalSection(NestedProjects) = preSolution
		{B8C5EB38-E70A-4992-84E1-6716973690E1} = {EA98F18F-AF75-4C21-A843-89DD7BA7C2F5}
		{DCA28C99-98C2-4FD8-A46E-4C5F194A0C7C} = {D05F771F-65EE-4567-BEB0-02C3406C10EC}
		{A3FF84E6-28F1-4DE7-9BAD-13C79BE34B8E} = {85D6C8AD-72D3-4E0D-A516-CBE499F7776C}
		{DBE7AC86-BFF0-42A8-997F-9A28FEDD8841} = {1289747C-8D2D-459E-A944-8762DFC89BA6}
	EndGlobalSection
	GlobalSection(ExtensibilityGlobals) = postSolution
		SolutionGuid = {3B58580D-3C3D-41B0-872F-7D24F1823A81}
	EndGlobalSection
EndGlobal
